# THIS IS AN AUTOGENERATED FILE. DO NOT EDIT THIS FILE DIRECTLY.
# yarn lockfile v1


"@react-native-firebase/messaging@^20.1.0":
  version "20.1.0"
  resolved "https://registry.yarnpkg.com/@react-native-firebase/messaging/-/messaging-20.1.0.tgz#02026259c74d1725dfc5216158b05bc6655e7951"
  integrity sha512-y9FtQ9dIQSyueuLeJghvfLYnay5BqPVgl9T94p+HtUlkxinOgNDjquQFtV/QlzVOyVpLrVPmknMohvBj/fvBzg==
