# THIS IS AN AUTOGENERATED FILE. DO NOT EDIT THIS FILE DIRECTLY.
# yarn lockfile v1


"@react-native-picker/picker@^2.9.0":
  version "2.9.0"
  resolved "https://registry.yarnpkg.com/@react-native-picker/picker/-/picker-2.9.0.tgz#0a7053ca174ec697388cb79032fb4c1445554e07"
  integrity sha512-khEhIW/uhfMqq/+tvg4rEAiPGT8GX+Y6QydlP2TSMSmRHoSJK+ShXvXZXSr4Sii4imkj4BwvLunGywwtQDODqg==
